
Microsoft Visual Studio Solution File, Format Version 12.00
# Visual Studio Version 16
VisualStudioVersion = 16.0.30517.126
MinimumVisualStudioVersion = 10.0.40219.1
Project("{8BC9CEB8-8B4A-11D0-8D11-00A0C91BC942}") = "1_1", "1_1\1_1.vcxproj", "{44A5CCFF-E3AF-450E-AC3B-039440BA4D79}"
EndProject
Project("{8BC9CEB8-8B4A-11D0-8D11-00A0C91BC942}") = "1_2", "1_2\1_2.vcxproj", "{999CA0AA-59F6-47D3-9430-750DAE9C18EC}"
EndProject
Project("{8BC9CEB8-8B4A-11D0-8D11-00A0C91BC942}") = "2_1", "2_1\2_1.vcxproj", "{595C994F-0248-4BCB-971B-8BC033AC1995}"
EndProject
Project("{8BC9CEB8-8B4A-11D0-8D11-00A0C91BC942}") = "2_2", "2_2\2_2.vcxproj", "{C68FE2FE-D9D3-45DC-9AC6-51FD5BBD93C0}"
EndProject
Project("{8BC9CEB8-8B4A-11D0-8D11-00A0C91BC942}") = "2_3", "2_3\2_3.vcxproj", "{9F4E1345-C2A1-496D-AFC1-E6D0C18EC14B}"
EndProject
Project("{8BC9CEB8-8B4A-11D0-8D11-00A0C91BC942}") = "3_1", "3_1\3_1.vcxproj", "{1DD52DB8-4ADF-498F-9C49-0892D1E1504A}"
EndProject
Project("{8BC9CEB8-8B4A-11D0-8D11-00A0C91BC942}") = "3_2", "3_2\3_2.vcxproj", "{D3617E5C-8E68-4817-872F-D629000F655D}"
EndProject
Project("{8BC9CEB8-8B4A-11D0-8D11-00A0C91BC942}") = "3_3", "3_3\3_3.vcxproj", "{01A342B7-F486-4F1D-B7F4-A7E9B6B5A907}"
EndProject
Project("{8BC9CEB8-8B4A-11D0-8D11-00A0C91BC942}") = "3_4", "3_4\3_4.vcxproj", "{0C6BD58D-A557-46B6-9E37-CBEE9FE36ABD}"
EndProject
Project("{8BC9CEB8-8B4A-11D0-8D11-00A0C91BC942}") = "3_5", "3_5\3_5.vcxproj", "{5477232A-D4D6-47CA-8891-B884DBDBAE28}"
EndProject
Project("{8BC9CEB8-8B4A-11D0-8D11-00A0C91BC942}") = "3_6", "3_6\3_6.vcxproj", "{7BBB89E7-8E4E-40F7-8108-4EEE554B65A8}"
EndProject
Project("{8BC9CEB8-8B4A-11D0-8D11-00A0C91BC942}") = "3_7", "3_7\3_7.vcxproj", "{9987FA1D-CCF1-4A9D-81A7-2DC68041E3D8}"
EndProject
Project("{8BC9CEB8-8B4A-11D0-8D11-00A0C91BC942}") = "3_8", "3_8\3_8.vcxproj", "{B576A19B-82B9-408A-8237-530937E6E337}"
EndProject
Project("{8BC9CEB8-8B4A-11D0-8D11-00A0C91BC942}") = "4_1", "4_1\4_1.vcxproj", "{11ABEFEB-99BE-4CA1-BE66-A138C1817126}"
EndProject
Project("{8BC9CEB8-8B4A-11D0-8D11-00A0C91BC942}") = "4_2", "4_2\4_2.vcxproj", "{8623B658-C86A-422D-9645-C44E4BD9B189}"
EndProject
Project("{8BC9CEB8-8B4A-11D0-8D11-00A0C91BC942}") = "4_3", "4_3\4_3.vcxproj", "{7554FEE6-4918-4449-90F5-006A69C58E7F}"
EndProject
Global
	GlobalSection(SolutionConfigurationPlatforms) = preSolution
		Debug|x64 = Debug|x64
		Debug|x86 = Debug|x86
		Release|x64 = Release|x64
		Release|x86 = Release|x86
	EndGlobalSection
	GlobalSection(ProjectConfigurationPlatforms) = postSolution
		{44A5CCFF-E3AF-450E-AC3B-039440BA4D79}.Debug|x64.ActiveCfg = Debug|x64
		{44A5CCFF-E3AF-450E-AC3B-039440BA4D79}.Debug|x64.Build.0 = Debug|x64
		{44A5CCFF-E3AF-450E-AC3B-039440BA4D79}.Debug|x86.ActiveCfg = Debug|Win32
		{44A5CCFF-E3AF-450E-AC3B-039440BA4D79}.Debug|x86.Build.0 = Debug|Win32
		{44A5CCFF-E3AF-450E-AC3B-039440BA4D79}.Release|x64.ActiveCfg = Release|x64
		{44A5CCFF-E3AF-450E-AC3B-039440BA4D79}.Release|x64.Build.0 = Release|x64
		{44A5CCFF-E3AF-450E-AC3B-039440BA4D79}.Release|x86.ActiveCfg = Release|Win32
		{44A5CCFF-E3AF-450E-AC3B-039440BA4D79}.Release|x86.Build.0 = Release|Win32
		{999CA0AA-59F6-47D3-9430-750DAE9C18EC}.Debug|x64.ActiveCfg = Debug|x64
		{999CA0AA-59F6-47D3-9430-750DAE9C18EC}.Debug|x64.Build.0 = Debug|x64
		{999CA0AA-59F6-47D3-9430-750DAE9C18EC}.Debug|x86.ActiveCfg = Debug|Win32
		{999CA0AA-59F6-47D3-9430-750DAE9C18EC}.Debug|x86.Build.0 = Debug|Win32
		{999CA0AA-59F6-47D3-9430-750DAE9C18EC}.Release|x64.ActiveCfg = Release|x64
		{999CA0AA-59F6-47D3-9430-750DAE9C18EC}.Release|x64.Build.0 = Release|x64
		{999CA0AA-59F6-47D3-9430-750DAE9C18EC}.Release|x86.ActiveCfg = Release|Win32
		{999CA0AA-59F6-47D3-9430-750DAE9C18EC}.Release|x86.Build.0 = Release|Win32
		{595C994F-0248-4BCB-971B-8BC033AC1995}.Debug|x64.ActiveCfg = Debug|x64
		{595C994F-0248-4BCB-971B-8BC033AC1995}.Debug|x64.Build.0 = Debug|x64
		{595C994F-0248-4BCB-971B-8BC033AC1995}.Debug|x86.ActiveCfg = Debug|Win32
		{595C994F-0248-4BCB-971B-8BC033AC1995}.Debug|x86.Build.0 = Debug|Win32
		{595C994F-0248-4BCB-971B-8BC033AC1995}.Release|x64.ActiveCfg = Release|x64
		{595C994F-0248-4BCB-971B-8BC033AC1995}.Release|x64.Build.0 = Release|x64
		{595C994F-0248-4BCB-971B-8BC033AC1995}.Release|x86.ActiveCfg = Release|Win32
		{595C994F-0248-4BCB-971B-8BC033AC1995}.Release|x86.Build.0 = Release|Win32
		{C68FE2FE-D9D3-45DC-9AC6-51FD5BBD93C0}.Debug|x64.ActiveCfg = Debug|x64
		{C68FE2FE-D9D3-45DC-9AC6-51FD5BBD93C0}.Debug|x64.Build.0 = Debug|x64
		{C68FE2FE-D9D3-45DC-9AC6-51FD5BBD93C0}.Debug|x86.ActiveCfg = Debug|Win32
		{C68FE2FE-D9D3-45DC-9AC6-51FD5BBD93C0}.Debug|x86.Build.0 = Debug|Win32
		{C68FE2FE-D9D3-45DC-9AC6-51FD5BBD93C0}.Release|x64.ActiveCfg = Release|x64
		{C68FE2FE-D9D3-45DC-9AC6-51FD5BBD93C0}.Release|x64.Build.0 = Release|x64
		{C68FE2FE-D9D3-45DC-9AC6-51FD5BBD93C0}.Release|x86.ActiveCfg = Release|Win32
		{C68FE2FE-D9D3-45DC-9AC6-51FD5BBD93C0}.Release|x86.Build.0 = Release|Win32
		{9F4E1345-C2A1-496D-AFC1-E6D0C18EC14B}.Debug|x64.ActiveCfg = Debug|x64
		{9F4E1345-C2A1-496D-AFC1-E6D0C18EC14B}.Debug|x64.Build.0 = Debug|x64
		{9F4E1345-C2A1-496D-AFC1-E6D0C18EC14B}.Debug|x86.ActiveCfg = Debug|Win32
		{9F4E1345-C2A1-496D-AFC1-E6D0C18EC14B}.Debug|x86.Build.0 = Debug|Win32
		{9F4E1345-C2A1-496D-AFC1-E6D0C18EC14B}.Release|x64.ActiveCfg = Release|x64
		{9F4E1345-C2A1-496D-AFC1-E6D0C18EC14B}.Release|x64.Build.0 = Release|x64
		{9F4E1345-C2A1-496D-AFC1-E6D0C18EC14B}.Release|x86.ActiveCfg = Release|Win32
		{9F4E1345-C2A1-496D-AFC1-E6D0C18EC14B}.Release|x86.Build.0 = Release|Win32
		{1DD52DB8-4ADF-498F-9C49-0892D1E1504A}.Debug|x64.ActiveCfg = Debug|x64
		{1DD52DB8-4ADF-498F-9C49-0892D1E1504A}.Debug|x64.Build.0 = Debug|x64
		{1DD52DB8-4ADF-498F-9C49-0892D1E1504A}.Debug|x86.ActiveCfg = Debug|Win32
		{1DD52DB8-4ADF-498F-9C49-0892D1E1504A}.Debug|x86.Build.0 = Debug|Win32
		{1DD52DB8-4ADF-498F-9C49-0892D1E1504A}.Release|x64.ActiveCfg = Release|x64
		{1DD52DB8-4ADF-498F-9C49-0892D1E1504A}.Release|x64.Build.0 = Release|x64
		{1DD52DB8-4ADF-498F-9C49-0892D1E1504A}.Release|x86.ActiveCfg = Release|Win32
		{1DD52DB8-4ADF-498F-9C49-0892D1E1504A}.Release|x86.Build.0 = Release|Win32
		{D3617E5C-8E68-4817-872F-D629000F655D}.Debug|x64.ActiveCfg = Debug|x64
		{D3617E5C-8E68-4817-872F-D629000F655D}.Debug|x64.Build.0 = Debug|x64
		{D3617E5C-8E68-4817-872F-D629000F655D}.Debug|x86.ActiveCfg = Debug|Win32
		{D3617E5C-8E68-4817-872F-D629000F655D}.Debug|x86.Build.0 = Debug|Win32
		{D3617E5C-8E68-4817-872F-D629000F655D}.Release|x64.ActiveCfg = Release|x64
		{D3617E5C-8E68-4817-872F-D629000F655D}.Release|x64.Build.0 = Release|x64
		{D3617E5C-8E68-4817-872F-D629000F655D}.Release|x86.ActiveCfg = Release|Win32
		{D3617E5C-8E68-4817-872F-D629000F655D}.Release|x86.Build.0 = Release|Win32
		{01A342B7-F486-4F1D-B7F4-A7E9B6B5A907}.Debug|x64.ActiveCfg = Debug|x64
		{01A342B7-F486-4F1D-B7F4-A7E9B6B5A907}.Debug|x64.Build.0 = Debug|x64
		{01A342B7-F486-4F1D-B7F4-A7E9B6B5A907}.Debug|x86.ActiveCfg = Debug|Win32
		{01A342B7-F486-4F1D-B7F4-A7E9B6B5A907}.Debug|x86.Build.0 = Debug|Win32
		{01A342B7-F486-4F1D-B7F4-A7E9B6B5A907}.Release|x64.ActiveCfg = Release|x64
		{01A342B7-F486-4F1D-B7F4-A7E9B6B5A907}.Release|x64.Build.0 = Release|x64
		{01A342B7-F486-4F1D-B7F4-A7E9B6B5A907}.Release|x86.ActiveCfg = Release|Win32
		{01A342B7-F486-4F1D-B7F4-A7E9B6B5A907}.Release|x86.Build.0 = Release|Win32
		{0C6BD58D-A557-46B6-9E37-CBEE9FE36ABD}.Debug|x64.ActiveCfg = Debug|x64
		{0C6BD58D-A557-46B6-9E37-CBEE9FE36ABD}.Debug|x64.Build.0 = Debug|x64
		{0C6BD58D-A557-46B6-9E37-CBEE9FE36ABD}.Debug|x86.ActiveCfg = Debug|Win32
		{0C6BD58D-A557-46B6-9E37-CBEE9FE36ABD}.Debug|x86.Build.0 = Debug|Win32
		{0C6BD58D-A557-46B6-9E37-CBEE9FE36ABD}.Release|x64.ActiveCfg = Release|x64
		{0C6BD58D-A557-46B6-9E37-CBEE9FE36ABD}.Release|x64.Build.0 = Release|x64
		{0C6BD58D-A557-46B6-9E37-CBEE9FE36ABD}.Release|x86.ActiveCfg = Release|Win32
		{0C6BD58D-A557-46B6-9E37-CBEE9FE36ABD}.Release|x86.Build.0 = Release|Win32
		{5477232A-D4D6-47CA-8891-B884DBDBAE28}.Debug|x64.ActiveCfg = Debug|x64
		{5477232A-D4D6-47CA-8891-B884DBDBAE28}.Debug|x64.Build.0 = Debug|x64
		{5477232A-D4D6-47CA-8891-B884DBDBAE28}.Debug|x86.ActiveCfg = Debug|Win32
		{5477232A-D4D6-47CA-8891-B884DBDBAE28}.Debug|x86.Build.0 = Debug|Win32
		{5477232A-D4D6-47CA-8891-B884DBDBAE28}.Release|x64.ActiveCfg = Release|x64
		{5477232A-D4D6-47CA-8891-B884DBDBAE28}.Release|x64.Build.0 = Release|x64
		{5477232A-D4D6-47CA-8891-B884DBDBAE28}.Release|x86.ActiveCfg = Release|Win32
		{5477232A-D4D6-47CA-8891-B884DBDBAE28}.Release|x86.Build.0 = Release|Win32
		{7BBB89E7-8E4E-40F7-8108-4EEE554B65A8}.Debug|x64.ActiveCfg = Debug|x64
		{7BBB89E7-8E4E-40F7-8108-4EEE554B65A8}.Debug|x64.Build.0 = Debug|x64
		{7BBB89E7-8E4E-40F7-8108-4EEE554B65A8}.Debug|x86.ActiveCfg = Debug|Win32
		{7BBB89E7-8E4E-40F7-8108-4EEE554B65A8}.Debug|x86.Build.0 = Debug|Win32
		{7BBB89E7-8E4E-40F7-8108-4EEE554B65A8}.Release|x64.ActiveCfg = Release|x64
		{7BBB89E7-8E4E-40F7-8108-4EEE554B65A8}.Release|x64.Build.0 = Release|x64
		{7BBB89E7-8E4E-40F7-8108-4EEE554B65A8}.Release|x86.ActiveCfg = Release|Win32
		{7BBB89E7-8E4E-40F7-8108-4EEE554B65A8}.Release|x86.Build.0 = Release|Win32
		{9987FA1D-CCF1-4A9D-81A7-2DC68041E3D8}.Debug|x64.ActiveCfg = Debug|x64
		{9987FA1D-CCF1-4A9D-81A7-2DC68041E3D8}.Debug|x64.Build.0 = Debug|x64
		{9987FA1D-CCF1-4A9D-81A7-2DC68041E3D8}.Debug|x86.ActiveCfg = Debug|Win32
		{9987FA1D-CCF1-4A9D-81A7-2DC68041E3D8}.Debug|x86.Build.0 = Debug|Win32
		{9987FA1D-CCF1-4A9D-81A7-2DC68041E3D8}.Release|x64.ActiveCfg = Release|x64
		{9987FA1D-CCF1-4A9D-81A7-2DC68041E3D8}.Release|x64.Build.0 = Release|x64
		{9987FA1D-CCF1-4A9D-81A7-2DC68041E3D8}.Release|x86.ActiveCfg = Release|Win32
		{9987FA1D-CCF1-4A9D-81A7-2DC68041E3D8}.Release|x86.Build.0 = Release|Win32
		{B576A19B-82B9-408A-8237-530937E6E337}.Debug|x64.ActiveCfg = Debug|x64
		{B576A19B-82B9-408A-8237-530937E6E337}.Debug|x64.Build.0 = Debug|x64
		{B576A19B-82B9-408A-8237-530937E6E337}.Debug|x86.ActiveCfg = Debug|Win32
		{B576A19B-82B9-408A-8237-530937E6E337}.Debug|x86.Build.0 = Debug|Win32
		{B576A19B-82B9-408A-8237-530937E6E337}.Release|x64.ActiveCfg = Release|x64
		{B576A19B-82B9-408A-8237-530937E6E337}.Release|x64.Build.0 = Release|x64
		{B576A19B-82B9-408A-8237-530937E6E337}.Release|x86.ActiveCfg = Release|Win32
		{B576A19B-82B9-408A-8237-530937E6E337}.Release|x86.Build.0 = Release|Win32
		{11ABEFEB-99BE-4CA1-BE66-A138C1817126}.Debug|x64.ActiveCfg = Debug|x64
		{11ABEFEB-99BE-4CA1-BE66-A138C1817126}.Debug|x64.Build.0 = Debug|x64
		{11ABEFEB-99BE-4CA1-BE66-A138C1817126}.Debug|x86.ActiveCfg = Debug|Win32
		{11ABEFEB-99BE-4CA1-BE66-A138C1817126}.Debug|x86.Build.0 = Debug|Win32
		{11ABEFEB-99BE-4CA1-BE66-A138C1817126}.Release|x64.ActiveCfg = Release|x64
		{11ABEFEB-99BE-4CA1-BE66-A138C1817126}.Release|x64.Build.0 = Release|x64
		{11ABEFEB-99BE-4CA1-BE66-A138C1817126}.Release|x86.ActiveCfg = Release|Win32
		{11ABEFEB-99BE-4CA1-BE66-A138C1817126}.Release|x86.Build.0 = Release|Win32
		{8623B658-C86A-422D-9645-C44E4BD9B189}.Debug|x64.ActiveCfg = Debug|x64
		{8623B658-C86A-422D-9645-C44E4BD9B189}.Debug|x64.Build.0 = Debug|x64
		{8623B658-C86A-422D-9645-C44E4BD9B189}.Debug|x86.ActiveCfg = Debug|Win32
		{8623B658-C86A-422D-9645-C44E4BD9B189}.Debug|x86.Build.0 = Debug|Win32
		{8623B658-C86A-422D-9645-C44E4BD9B189}.Release|x64.ActiveCfg = Release|x64
		{8623B658-C86A-422D-9645-C44E4BD9B189}.Release|x64.Build.0 = Release|x64
		{8623B658-C86A-422D-9645-C44E4BD9B189}.Release|x86.ActiveCfg = Release|Win32
		{8623B658-C86A-422D-9645-C44E4BD9B189}.Release|x86.Build.0 = Release|Win32
		{7554FEE6-4918-4449-90F5-006A69C58E7F}.Debug|x64.ActiveCfg = Debug|x64
		{7554FEE6-4918-4449-90F5-006A69C58E7F}.Debug|x64.Build.0 = Debug|x64
		{7554FEE6-4918-4449-90F5-006A69C58E7F}.Debug|x86.ActiveCfg = Debug|Win32
		{7554FEE6-4918-4449-90F5-006A69C58E7F}.Debug|x86.Build.0 = Debug|Win32
		{7554FEE6-4918-4449-90F5-006A69C58E7F}.Release|x64.ActiveCfg = Release|x64
		{7554FEE6-4918-4449-90F5-006A69C58E7F}.Release|x64.Build.0 = Release|x64
		{7554FEE6-4918-4449-90F5-006A69C58E7F}.Release|x86.ActiveCfg = Release|Win32
		{7554FEE6-4918-4449-90F5-006A69C58E7F}.Release|x86.Build.0 = Release|Win32
	EndGlobalSection
	GlobalSection(SolutionProperties) = preSolution
		HideSolutionNode = FALSE
	EndGlobalSection
	GlobalSection(ExtensibilityGlobals) = postSolution
		SolutionGuid = {36D89C84-4356-4CFD-B003-D2D133AD35B5}
	EndGlobalSection
EndGlobal
